// !$*UTF8*$!
{
	archiveVersion = 1;
	classes = {
	};
	objectVersion = 46;
	objects = {

/* Begin PBXBuildFile section */
		99431D431DE692F6007B8803 /* BLNetRequest.m in Sources */ = {isa = PBXBuildFile; fileRef = 99431D421DE692F6007B8803 /* BLNetRequest.m */; };
		99431D491DE6CE7A007B8803 /* UIImage+image.m in Sources */ = {isa = PBXBuildFile; fileRef = 99431D481DE6CE7A007B8803 /* UIImage+image.m */; };
		995A97DF1DE526A5001B314E /* UIImageView+Tap.m in Sources */ = {isa = PBXBuildFile; fileRef = 995A97DE1DE526A5001B314E /* UIImageView+Tap.m */; };
		995A97E21DE52736001B314E /* BigPic.m in Sources */ = {isa = PBXBuildFile; fileRef = 995A97E01DE52736001B314E /* BigPic.m */; };
		995A97E51DE52A2A001B314E /* LXTableViewController.m in Sources */ = {isa = PBXBuildFile; fileRef = 995A97E41DE52A2A001B314E /* LXTableViewController.m */; };
		995A97E91DE538A5001B314E /* LXTableViewCell.m in Sources */ = {isa = PBXBuildFile; fileRef = 995A97E71DE538A5001B314E /* LXTableViewCell.m */; };
		995A97EA1DE538A5001B314E /* LXTableViewCell.xib in Resources */ = {isa = PBXBuildFile; fileRef = 995A97E81DE538A5001B314E /* LXTableViewCell.xib */; };
		995A97EC1DE56327001B314E /* 222.png in Resources */ = {isa = PBXBuildFile; fileRef = 995A97EB1DE56327001B314E /* 222.png */; };
		995A97EF1DE5A171001B314E /* NSObject+FileManager.m in Sources */ = {isa = PBXBuildFile; fileRef = 995A97EE1DE5A171001B314E /* NSObject+FileManager.m */; };
		99EFC6071DE3D33A00DA18A3 /* main.m in Sources */ = {isa = PBXBuildFile; fileRef = 99EFC6061DE3D33A00DA18A3 /* main.m */; };
		99EFC60A1DE3D33A00DA18A3 /* AppDelegate.m in Sources */ = {isa = PBXBuildFile; fileRef = 99EFC6091DE3D33A00DA18A3 /* AppDelegate.m */; };
		99EFC60D1DE3D33A00DA18A3 /* ViewController.m in Sources */ = {isa = PBXBuildFile; fileRef = 99EFC60C1DE3D33A00DA18A3 /* ViewController.m */; };
		99EFC6101DE3D33A00DA18A3 /* Main.storyboard in Resources */ = {isa = PBXBuildFile; fileRef = 99EFC60E1DE3D33A00DA18A3 /* Main.storyboard */; };
		99EFC6121DE3D33A00DA18A3 /* Assets.xcassets in Resources */ = {isa = PBXBuildFile; fileRef = 99EFC6111DE3D33A00DA18A3 /* Assets.xcassets */; };
		99EFC6151DE3D33A00DA18A3 /* LaunchScreen.storyboard in Resources */ = {isa = PBXBuildFile; fileRef = 99EFC6131DE3D33A00DA18A3 /* LaunchScreen.storyboard */; };
		99EFC6201DE3D33A00DA18A3 /* runTimeTestTests.m in Sources */ = {isa = PBXBuildFile; fileRef = 99EFC61F1DE3D33A00DA18A3 /* runTimeTestTests.m */; };
		99EFC62B1DE3D33A00DA18A3 /* runTimeTestUITests.m in Sources */ = {isa = PBXBuildFile; fileRef = 99EFC62A1DE3D33A00DA18A3 /* runTimeTestUITests.m */; };
		99EFC63A1DE3D77700DA18A3 /* UIButton+block.m in Sources */ = {isa = PBXBuildFile; fileRef = 99EFC6391DE3D77700DA18A3 /* UIButton+block.m */; };
		99EFC63D1DE3DDA200DA18A3 /* LXButton.m in Sources */ = {isa = PBXBuildFile; fileRef = 99EFC63C1DE3DDA200DA18A3 /* LXButton.m */; };
		99EFC63F1DE3DF5400DA18A3 /* 111.png in Resources */ = {isa = PBXBuildFile; fileRef = 99EFC63E1DE3DF5400DA18A3 /* 111.png */; };
		99EFC6451DE3EDC300DA18A3 /* LXShowAlertController.m in Sources */ = {isa = PBXBuildFile; fileRef = 99EFC6441DE3EDC300DA18A3 /* LXShowAlertController.m */; };
		99EFC6481DE3F0A500DA18A3 /* UILabel+AttributedBlock.m in Sources */ = {isa = PBXBuildFile; fileRef = 99EFC6471DE3F0A500DA18A3 /* UILabel+AttributedBlock.m */; };
		99EFC6501DE3F3A100DA18A3 /* UIKit.framework in Frameworks */ = {isa = PBXBuildFile; fileRef = 99EFC64F1DE3F3A100DA18A3 /* UIKit.framework */; };
		99EFC6531DE41A0400DA18A3 /* LXControlTools.m in Sources */ = {isa = PBXBuildFile; fileRef = 99EFC6521DE41A0400DA18A3 /* LXControlTools.m */; };
		99EFC6581DE43E3800DA18A3 /* SystemConfiguration.framework in Frameworks */ = {isa = PBXBuildFile; fileRef = 99EFC6571DE43E3800DA18A3 /* SystemConfiguration.framework */; };
		A13F87582028C115E01BB8A0 /* Pods_runTimeTest.framework in Frameworks */ = {isa = PBXBuildFile; fileRef = 2F2E1E7568C0F5EE64E1CC13 /* Pods_runTimeTest.framework */; };
/* End PBXBuildFile section */

/* Begin PBXContainerItemProxy section */
		99EFC61C1DE3D33A00DA18A3 /* PBXContainerItemProxy */ = {
			isa = PBXContainerItemProxy;
			containerPortal = 99EFC5FA1DE3D33900DA18A3 /* Project object */;
			proxyType = 1;
			remoteGlobalIDString = 99EFC6011DE3D33900DA18A3;
			remoteInfo = runTimeTest;
		};
		99EFC6271DE3D33A00DA18A3 /* PBXContainerItemProxy */ = {
			isa = PBXContainerItemProxy;
			containerPortal = 99EFC5FA1DE3D33900DA18A3 /* Project object */;
			proxyType = 1;
			remoteGlobalIDString = 99EFC6011DE3D33900DA18A3;
			remoteInfo = runTimeTest;
		};
/* End PBXContainerItemProxy section */

/* Begin PBXFileReference section */
		2F2E1E7568C0F5EE64E1CC13 /* Pods_runTimeTest.framework */ = {isa = PBXFileReference; explicitFileType = wrapper.framework; includeInIndex = 0; path = Pods_runTimeTest.framework; sourceTree = BUILT_PRODUCTS_DIR; };
		99431D411DE692F6007B8803 /* BLNetRequest.h */ = {isa = PBXFileReference; fileEncoding = 4; lastKnownFileType = sourcecode.c.h; path = BLNetRequest.h; sourceTree = "<group>"; };
		99431D421DE692F6007B8803 /* BLNetRequest.m */ = {isa = PBXFileReference; fileEncoding = 4; lastKnownFileType = sourcecode.c.objc; path = BLNetRequest.m; sourceTree = "<group>"; };
		99431D471DE6CE7A007B8803 /* UIImage+image.h */ = {isa = PBXFileReference; fileEncoding = 4; lastKnownFileType = sourcecode.c.h; path = "UIImage+image.h"; sourceTree = "<group>"; };
		99431D481DE6CE7A007B8803 /* UIImage+image.m */ = {isa = PBXFileReference; fileEncoding = 4; lastKnownFileType = sourcecode.c.objc; path = "UIImage+image.m"; sourceTree = "<group>"; };
		995A97DD1DE526A5001B314E /* UIImageView+Tap.h */ = {isa = PBXFileReference; fileEncoding = 4; lastKnownFileType = sourcecode.c.h; path = "UIImageView+Tap.h"; sourceTree = "<group>"; };
		995A97DE1DE526A5001B314E /* UIImageView+Tap.m */ = {isa = PBXFileReference; fileEncoding = 4; lastKnownFileType = sourcecode.c.objc; path = "UIImageView+Tap.m"; sourceTree = "<group>"; };
		995A97E01DE52736001B314E /* BigPic.m */ = {isa = PBXFileReference; fileEncoding = 4; lastKnownFileType = sourcecode.c.objc; path = BigPic.m; sourceTree = "<group>"; };
		995A97E11DE52736001B314E /* BigPic.h */ = {isa = PBXFileReference; fileEncoding = 4; lastKnownFileType = sourcecode.c.h; path = BigPic.h; sourceTree = "<group>"; };
		995A97E31DE52A2A001B314E /* LXTableViewController.h */ = {isa = PBXFileReference; fileEncoding = 4; lastKnownFileType = sourcecode.c.h; path = LXTableViewController.h; sourceTree = "<group>"; };
		995A97E41DE52A2A001B314E /* LXTableViewController.m */ = {isa = PBXFileReference; fileEncoding = 4; lastKnownFileType = sourcecode.c.objc; path = LXTableViewController.m; sourceTree = "<group>"; };
		995A97E61DE538A5001B314E /* LXTableViewCell.h */ = {isa = PBXFileReference; fileEncoding = 4; lastKnownFileType = sourcecode.c.h; path = LXTableViewCell.h; sourceTree = "<group>"; };
		995A97E71DE538A5001B314E /* LXTableViewCell.m */ = {isa = PBXFileReference; fileEncoding = 4; lastKnownFileType = sourcecode.c.objc; path = LXTableViewCell.m; sourceTree = "<group>"; };
		995A97E81DE538A5001B314E /* LXTableViewCell.xib */ = {isa = PBXFileReference; fileEncoding = 4; lastKnownFileType = file.xib; path = LXTableViewCell.xib; sourceTree = "<group>"; };
		995A97EB1DE56327001B314E /* 222.png */ = {isa = PBXFileReference; lastKnownFileType = image.png; path = 222.png; sourceTree = "<group>"; };
		995A97ED1DE5A171001B314E /* NSObject+FileManager.h */ = {isa = PBXFileReference; fileEncoding = 4; lastKnownFileType = sourcecode.c.h; path = "NSObject+FileManager.h"; sourceTree = "<group>"; };
		995A97EE1DE5A171001B314E /* NSObject+FileManager.m */ = {isa = PBXFileReference; fileEncoding = 4; lastKnownFileType = sourcecode.c.objc; path = "NSObject+FileManager.m"; sourceTree = "<group>"; };
		99EFC6021DE3D33A00DA18A3 /* runTimeTest.app */ = {isa = PBXFileReference; explicitFileType = wrapper.application; includeInIndex = 0; path = runTimeTest.app; sourceTree = BUILT_PRODUCTS_DIR; };
		99EFC6061DE3D33A00DA18A3 /* main.m */ = {isa = PBXFileReference; lastKnownFileType = sourcecode.c.objc; path = main.m; sourceTree = "<group>"; };
		99EFC6081DE3D33A00DA18A3 /* AppDelegate.h */ = {isa = PBXFileReference; lastKnownFileType = sourcecode.c.h; path = AppDelegate.h; sourceTree = "<group>"; };
		99EFC6091DE3D33A00DA18A3 /* AppDelegate.m */ = {isa = PBXFileReference; lastKnownFileType = sourcecode.c.objc; path = AppDelegate.m; sourceTree = "<group>"; };
		99EFC60B1DE3D33A00DA18A3 /* ViewController.h */ = {isa = PBXFileReference; lastKnownFileType = sourcecode.c.h; path = ViewController.h; sourceTree = "<group>"; };
		99EFC60C1DE3D33A00DA18A3 /* ViewController.m */ = {isa = PBXFileReference; lastKnownFileType = sourcecode.c.objc; path = ViewController.m; sourceTree = "<group>"; };
		99EFC60F1DE3D33A00DA18A3 /* Base */ = {isa = PBXFileReference; lastKnownFileType = file.storyboard; name = Base; path = Base.lproj/Main.storyboard; sourceTree = "<group>"; };
		99EFC6111DE3D33A00DA18A3 /* Assets.xcassets */ = {isa = PBXFileReference; lastKnownFileType = folder.assetcatalog; path = Assets.xcassets; sourceTree = "<group>"; };
		99EFC6141DE3D33A00DA18A3 /* Base */ = {isa = PBXFileReference; lastKnownFileType = file.storyboard; name = Base; path = Base.lproj/LaunchScreen.storyboard; sourceTree = "<group>"; };
		99EFC6161DE3D33A00DA18A3 /* Info.plist */ = {isa = PBXFileReference; lastKnownFileType = text.plist.xml; path = Info.plist; sourceTree = "<group>"; };
		99EFC61B1DE3D33A00DA18A3 /* runTimeTestTests.xctest */ = {isa = PBXFileReference; explicitFileType = wrapper.cfbundle; includeInIndex = 0; path = runTimeTestTests.xctest; sourceTree = BUILT_PRODUCTS_DIR; };
		99EFC61F1DE3D33A00DA18A3 /* runTimeTestTests.m */ = {isa = PBXFileReference; lastKnownFileType = sourcecode.c.objc; path = runTimeTestTests.m; sourceTree = "<group>"; };
		99EFC6211DE3D33A00DA18A3 /* Info.plist */ = {isa = PBXFileReference; lastKnownFileType = text.plist.xml; path = Info.plist; sourceTree = "<group>"; };
		99EFC6261DE3D33A00DA18A3 /* runTimeTestUITests.xctest */ = {isa = PBXFileReference; explicitFileType = wrapper.cfbundle; includeInIndex = 0; path = runTimeTestUITests.xctest; sourceTree = BUILT_PRODUCTS_DIR; };
		99EFC62A1DE3D33A00DA18A3 /* runTimeTestUITests.m */ = {isa = PBXFileReference; lastKnownFileType = sourcecode.c.objc; path = runTimeTestUITests.m; sourceTree = "<group>"; };
		99EFC62C1DE3D33A00DA18A3 /* Info.plist */ = {isa = PBXFileReference; lastKnownFileType = text.plist.xml; path = Info.plist; sourceTree = "<group>"; };
		99EFC6381DE3D77700DA18A3 /* UIButton+block.h */ = {isa = PBXFileReference; fileEncoding = 4; lastKnownFileType = sourcecode.c.h; path = "UIButton+block.h"; sourceTree = "<group>"; };
		99EFC6391DE3D77700DA18A3 /* UIButton+block.m */ = {isa = PBXFileReference; fileEncoding = 4; lastKnownFileType = sourcecode.c.objc; path = "UIButton+block.m"; sourceTree = "<group>"; };
		99EFC63B1DE3DDA200DA18A3 /* LXButton.h */ = {isa = PBXFileReference; fileEncoding = 4; lastKnownFileType = sourcecode.c.h; path = LXButton.h; sourceTree = "<group>"; };
		99EFC63C1DE3DDA200DA18A3 /* LXButton.m */ = {isa = PBXFileReference; fileEncoding = 4; lastKnownFileType = sourcecode.c.objc; path = LXButton.m; sourceTree = "<group>"; };
		99EFC63E1DE3DF5400DA18A3 /* 111.png */ = {isa = PBXFileReference; lastKnownFileType = image.png; path = 111.png; sourceTree = "<group>"; };
		99EFC6431DE3EDC300DA18A3 /* LXShowAlertController.h */ = {isa = PBXFileReference; fileEncoding = 4; lastKnownFileType = sourcecode.c.h; path = LXShowAlertController.h; sourceTree = "<group>"; };
		99EFC6441DE3EDC300DA18A3 /* LXShowAlertController.m */ = {isa = PBXFileReference; fileEncoding = 4; lastKnownFileType = sourcecode.c.objc; path = LXShowAlertController.m; sourceTree = "<group>"; };
		99EFC6461DE3F0A500DA18A3 /* UILabel+AttributedBlock.h */ = {isa = PBXFileReference; fileEncoding = 4; lastKnownFileType = sourcecode.c.h; path = "UILabel+AttributedBlock.h"; sourceTree = "<group>"; };
		99EFC6471DE3F0A500DA18A3 /* UILabel+AttributedBlock.m */ = {isa = PBXFileReference; fileEncoding = 4; lastKnownFileType = sourcecode.c.objc; path = "UILabel+AttributedBlock.m"; sourceTree = "<group>"; };
		99EFC6491DE3F22300DA18A3 /* profixHeader.h */ = {isa = PBXFileReference; lastKnownFileType = sourcecode.c.h; path = profixHeader.h; sourceTree = "<group>"; };
		99EFC64A1DE3F25C00DA18A3 /* PrefixHeader.pch */ = {isa = PBXFileReference; lastKnownFileType = sourcecode.c.h; path = PrefixHeader.pch; sourceTree = "<group>"; };
		99EFC64F1DE3F3A100DA18A3 /* UIKit.framework */ = {isa = PBXFileReference; lastKnownFileType = wrapper.framework; name = UIKit.framework; path = System/Library/Frameworks/UIKit.framework; sourceTree = SDKROOT; };
		99EFC6511DE41A0400DA18A3 /* LXControlTools.h */ = {isa = PBXFileReference; fileEncoding = 4; lastKnownFileType = sourcecode.c.h; path = LXControlTools.h; sourceTree = "<group>"; };
		99EFC6521DE41A0400DA18A3 /* LXControlTools.m */ = {isa = PBXFileReference; fileEncoding = 4; lastKnownFileType = sourcecode.c.objc; path = LXControlTools.m; sourceTree = "<group>"; };
		99EFC6571DE43E3800DA18A3 /* SystemConfiguration.framework */ = {isa = PBXFileReference; lastKnownFileType = wrapper.framework; name = SystemConfiguration.framework; path = System/Library/Frameworks/SystemConfiguration.framework; sourceTree = SDKROOT; };
		9B3AA6BEC563F9F016B2182E /* Pods-runTimeTest.release.xcconfig */ = {isa = PBXFileReference; includeInIndex = 1; lastKnownFileType = text.xcconfig; name = "Pods-runTimeTest.release.xcconfig"; path = "Pods/Target Support Files/Pods-runTimeTest/Pods-runTimeTest.release.xcconfig"; sourceTree = "<group>"; };
		A4E058704FDB72B33AD958CD /* Pods-runTimeTest.debug.xcconfig */ = {isa = PBXFileReference; includeInIndex = 1; lastKnownFileType = text.xcconfig; name = "Pods-runTimeTest.debug.xcconfig"; path = "Pods/Target Support Files/Pods-runTimeTest/Pods-runTimeTest.debug.xcconfig"; sourceTree = "<group>"; };
/* End PBXFileReference section */

/* Begin PBXFrameworksBuildPhase section */
		99EFC5FF1DE3D33900DA18A3 /* Frameworks */ = {
			isa = PBXFrameworksBuildPhase;
			buildActionMask = 2147483647;
			files = (
				99EFC6581DE43E3800DA18A3 /* SystemConfiguration.framework in Frameworks */,
				99EFC6501DE3F3A100DA18A3 /* UIKit.framework in Frameworks */,
				A13F87582028C115E01BB8A0 /* Pods_runTimeTest.framework in Frameworks */,
			);
			runOnlyForDeploymentPostprocessing = 0;
		};
		99EFC6181DE3D33A00DA18A3 /* Frameworks */ = {
			isa = PBXFrameworksBuildPhase;
			buildActionMask = 2147483647;
			files = (
			);
			runOnlyForDeploymentPostprocessing = 0;
		};
		99EFC6231DE3D33A00DA18A3 /* Frameworks */ = {
			isa = PBXFrameworksBuildPhase;
			buildActionMask = 2147483647;
			files = (
			);
			runOnlyForDeploymentPostprocessing = 0;
		};
/* End PBXFrameworksBuildPhase section */

/* Begin PBXGroup section */
		99EFC5F91DE3D33900DA18A3 = {
			isa = PBXGroup;
			children = (
				99EFC6041DE3D33A00DA18A3 /* runTimeTest */,
				99EFC61E1DE3D33A00DA18A3 /* runTimeTestTests */,
				99EFC6291DE3D33A00DA18A3 /* runTimeTestUITests */,
				99EFC6031DE3D33A00DA18A3 /* Products */,
				99EFC64E1DE3F3A100DA18A3 /* Frameworks */,
				D35502147B9A75D6842EC2EC /* Pods */,
			);
			sourceTree = "<group>";
		};
		99EFC6031DE3D33A00DA18A3 /* Products */ = {
			isa = PBXGroup;
			children = (
				99EFC6021DE3D33A00DA18A3 /* runTimeTest.app */,
				99EFC61B1DE3D33A00DA18A3 /* runTimeTestTests.xctest */,
				99EFC6261DE3D33A00DA18A3 /* runTimeTestUITests.xctest */,
			);
			name = Products;
			sourceTree = "<group>";
		};
		99EFC6041DE3D33A00DA18A3 /* runTimeTest */ = {
			isa = PBXGroup;
			children = (
				99431D411DE692F6007B8803 /* BLNetRequest.h */,
				99431D421DE692F6007B8803 /* BLNetRequest.m */,
				99EFC6081DE3D33A00DA18A3 /* AppDelegate.h */,
				99EFC6091DE3D33A00DA18A3 /* AppDelegate.m */,
				99EFC63E1DE3DF5400DA18A3 /* 111.png */,
				995A97EB1DE56327001B314E /* 222.png */,
				99EFC60B1DE3D33A00DA18A3 /* ViewController.h */,
				99EFC60C1DE3D33A00DA18A3 /* ViewController.m */,
				995A97E31DE52A2A001B314E /* LXTableViewController.h */,
				995A97E41DE52A2A001B314E /* LXTableViewController.m */,
				995A97E61DE538A5001B314E /* LXTableViewCell.h */,
				995A97E71DE538A5001B314E /* LXTableViewCell.m */,
				995A97E81DE538A5001B314E /* LXTableViewCell.xib */,
				99EFC6431DE3EDC300DA18A3 /* LXShowAlertController.h */,
				99EFC6441DE3EDC300DA18A3 /* LXShowAlertController.m */,
				99EFC6381DE3D77700DA18A3 /* UIButton+block.h */,
				99EFC6391DE3D77700DA18A3 /* UIButton+block.m */,
				99EFC63B1DE3DDA200DA18A3 /* LXButton.h */,
				99EFC63C1DE3DDA200DA18A3 /* LXButton.m */,
				99EFC6491DE3F22300DA18A3 /* profixHeader.h */,
				99EFC64A1DE3F25C00DA18A3 /* PrefixHeader.pch */,
				99EFC6511DE41A0400DA18A3 /* LXControlTools.h */,
				99EFC6521DE41A0400DA18A3 /* LXControlTools.m */,
				99EFC6461DE3F0A500DA18A3 /* UILabel+AttributedBlock.h */,
				99EFC6471DE3F0A500DA18A3 /* UILabel+AttributedBlock.m */,
				995A97DD1DE526A5001B314E /* UIImageView+Tap.h */,
				995A97DE1DE526A5001B314E /* UIImageView+Tap.m */,
				995A97E01DE52736001B314E /* BigPic.m */,
				995A97E11DE52736001B314E /* BigPic.h */,
				995A97ED1DE5A171001B314E /* NSObject+FileManager.h */,
				995A97EE1DE5A171001B314E /* NSObject+FileManager.m */,
				99431D471DE6CE7A007B8803 /* UIImage+image.h */,
				99431D481DE6CE7A007B8803 /* UIImage+image.m */,
				99EFC60E1DE3D33A00DA18A3 /* Main.storyboard */,
				99EFC6111DE3D33A00DA18A3 /* Assets.xcassets */,
				99EFC6131DE3D33A00DA18A3 /* LaunchScreen.storyboard */,
				99EFC6161DE3D33A00DA18A3 /* Info.plist */,
				99EFC6051DE3D33A00DA18A3 /* Supporting Files */,
			);
			path = runTimeTest;
			sourceTree = "<group>";
		};
		99EFC6051DE3D33A00DA18A3 /* Supporting Files */ = {
			isa = PBXGroup;
			children = (
				99EFC6061DE3D33A00DA18A3 /* main.m */,
			);
			name = "Supporting Files";
			sourceTree = "<group>";
		};
		99EFC61E1DE3D33A00DA18A3 /* runTimeTestTests */ = {
			isa = PBXGroup;
			children = (
				99EFC61F1DE3D33A00DA18A3 /* runTimeTestTests.m */,
				99EFC6211DE3D33A00DA18A3 /* Info.plist */,
			);
			path = runTimeTestTests;
			sourceTree = "<group>";
		};
		99EFC6291DE3D33A00DA18A3 /* runTimeTestUITests */ = {
			isa = PBXGroup;
			children = (
				99EFC62A1DE3D33A00DA18A3 /* runTimeTestUITests.m */,
				99EFC62C1DE3D33A00DA18A3 /* Info.plist */,
			);
			path = runTimeTestUITests;
			sourceTree = "<group>";
		};
		99EFC64E1DE3F3A100DA18A3 /* Frameworks */ = {
			isa = PBXGroup;
			children = (
				99EFC6571DE43E3800DA18A3 /* SystemConfiguration.framework */,
				99EFC64F1DE3F3A100DA18A3 /* UIKit.framework */,
				2F2E1E7568C0F5EE64E1CC13 /* Pods_runTimeTest.framework */,
			);
			name = Frameworks;
			sourceTree = "<group>";
		};
		D35502147B9A75D6842EC2EC /* Pods */ = {
			isa = PBXGroup;
			children = (
				A4E058704FDB72B33AD958CD /* Pods-runTimeTest.debug.xcconfig */,
				9B3AA6BEC563F9F016B2182E /* Pods-runTimeTest.release.xcconfig */,
			);
			name = Pods;
			sourceTree = "<group>";
		};
/* End PBXGroup section */

/* Begin PBXNativeTarget section */
		99EFC6011DE3D33900DA18A3 /* runTimeTest */ = {
			isa = PBXNativeTarget;
			buildConfigurationList = 99EFC62F1DE3D33A00DA18A3 /* Build configuration list for PBXNativeTarget "runTimeTest" */;
			buildPhases = (
				B5674A17871072D61A2EA925 /* [CP] Check Pods Manifest.lock */,
				99EFC5FE1DE3D33900DA18A3 /* Sources */,
				99EFC5FF1DE3D33900DA18A3 /* Frameworks */,
				99EFC6001DE3D33900DA18A3 /* Resources */,
				4CDD9C77F8125938C142C52A /* [CP] Embed Pods Frameworks */,
				F5054E2054E0FFD5B7BE86A2 /* [CP] Copy Pods Resources */,
			);
			buildRules = (
			);
			dependencies = (
			);
			name = runTimeTest;
			productName = runTimeTest;
			productReference = 99EFC6021DE3D33A00DA18A3 /* runTimeTest.app */;
			productType = "com.apple.product-type.application";
		};
		99EFC61A1DE3D33A00DA18A3 /* runTimeTestTests */ = {
			isa = PBXNativeTarget;
			buildConfigurationList = 99EFC6321DE3D33A00DA18A3 /* Build configuration list for PBXNativeTarget "runTimeTestTests" */;
			buildPhases = (
				99EFC6171DE3D33A00DA18A3 /* Sources */,
				99EFC6181DE3D33A00DA18A3 /* Frameworks */,
				99EFC6191DE3D33A00DA18A3 /* Resources */,
			);
			buildRules = (
			);
			dependencies = (
				99EFC61D1DE3D33A00DA18A3 /* PBXTargetDependency */,
			);
			name = runTimeTestTests;
			productName = runTimeTestTests;
			productReference = 99EFC61B1DE3D33A00DA18A3 /* runTimeTestTests.xctest */;
			productType = "com.apple.product-type.bundle.unit-test";
		};
		99EFC6251DE3D33A00DA18A3 /* runTimeTestUITests */ = {
			isa = PBXNativeTarget;
			buildConfigurationList = 99EFC6351DE3D33A00DA18A3 /* Build configuration list for PBXNativeTarget "runTimeTestUITests" */;
			buildPhases = (
				99EFC6221DE3D33A00DA18A3 /* Sources */,
				99EFC6231DE3D33A00DA18A3 /* Frameworks */,
				99EFC6241DE3D33A00DA18A3 /* Resources */,
			);
			buildRules = (
			);
			dependencies = (
				99EFC6281DE3D33A00DA18A3 /* PBXTargetDependency */,
			);
			name = runTimeTestUITests;
			productName = runTimeTestUITests;
			productReference = 99EFC6261DE3D33A00DA18A3 /* runTimeTestUITests.xctest */;
			productType = "com.apple.product-type.bundle.ui-testing";
		};
/* End PBXNativeTarget section */

/* Begin PBXProject section */
		99EFC5FA1DE3D33900DA18A3 /* Project object */ = {
			isa = PBXProject;
			attributes = {
				LastUpgradeCheck = 0810;
				ORGANIZATIONNAME = "iOS-01";
				TargetAttributes = {
					99EFC6011DE3D33900DA18A3 = {
						CreatedOnToolsVersion = 8.1;
						DevelopmentTeam = 5UJ2P6N7GB;
						ProvisioningStyle = Automatic;
					};
					99EFC61A1DE3D33A00DA18A3 = {
						CreatedOnToolsVersion = 8.1;
						DevelopmentTeam = 5UJ2P6N7GB;
						ProvisioningStyle = Automatic;
						TestTargetID = 99EFC6011DE3D33900DA18A3;
					};
					99EFC6251DE3D33A00DA18A3 = {
						CreatedOnToolsVersion = 8.1;
						DevelopmentTeam = 5UJ2P6N7GB;
						ProvisioningStyle = Automatic;
						TestTargetID = 99EFC6011DE3D33900DA18A3;
					};
				};
			};
			buildConfigurationList = 99EFC5FD1DE3D33900DA18A3 /* Build configuration list for PBXProject "runTimeTest" */;
			compatibilityVersion = "Xcode 3.2";
			developmentRegion = English;
			hasScannedForEncodings = 0;
			knownRegions = (
				en,
				Base,
			);
			mainGroup = 99EFC5F91DE3D33900DA18A3;
			productRefGroup = 99EFC6031DE3D33A00DA18A3 /* Products */;
			projectDirPath = "";
			projectRoot = "";
			targets = (
				99EFC6011DE3D33900DA18A3 /* runTimeTest */,
				99EFC61A1DE3D33A00DA18A3 /* runTimeTestTests */,
				99EFC6251DE3D33A00DA18A3 /* runTimeTestUITests */,
			);
		};
/* End PBXProject section */

/* Begin PBXResourcesBuildPhase section */
		99EFC6001DE3D33900DA18A3 /* Resources */ = {
			isa = PBXResourcesBuildPhase;
			buildActionMask = 2147483647;
			files = (
				995A97EC1DE56327001B314E /* 222.png in Resources */,
				99EFC6151DE3D33A00DA18A3 /* LaunchScreen.storyboard in Resources */,
				99EFC63F1DE3DF5400DA18A3 /* 111.png in Resources */,
				99EFC6121DE3D33A00DA18A3 /* Assets.xcassets in Resources */,
				995A97EA1DE538A5001B314E /* LXTableViewCell.xib in Resources */,
				99EFC6101DE3D33A00DA18A3 /* Main.storyboard in Resources */,
			);
			runOnlyForDeploymentPostprocessing = 0;
		};
		99EFC6191DE3D33A00DA18A3 /* Resources */ = {
			isa = PBXResourcesBuildPhase;
			buildActionMask = 2147483647;
			files = (
			);
			runOnlyForDeploymentPostprocessing = 0;
		};
		99EFC6241DE3D33A00DA18A3 /* Resources */ = {
			isa = PBXResourcesBuildPhase;
			buildActionMask = 2147483647;
			files = (
			);
			runOnlyForDeploymentPostprocessing = 0;
		};
/* End PBXResourcesBuildPhase section */

/* Begin PBXShellScriptBuildPhase section */
		4CDD9C77F8125938C142C52A /* [CP] Embed Pods Frameworks */ = {
			isa = PBXShellScriptBuildPhase;
			buildActionMask = 2147483647;
			files = (
			);
			inputPaths = (
			);
			name = "[CP] Embed Pods Frameworks";
			outputPaths = (
			);
			runOnlyForDeploymentPostprocessing = 0;
			shellPath = /bin/sh;
			shellScript = "\"${SRCROOT}/Pods/Target Support Files/Pods-runTimeTest/Pods-runTimeTest-frameworks.sh\"\n";
			showEnvVarsInLog = 0;
		};
		B5674A17871072D61A2EA925 /* [CP] Check Pods Manifest.lock */ = {
			isa = PBXShellScriptBuildPhase;
			buildActionMask = 2147483647;
			files = (
			);
			inputPaths = (
			);
			name = "[CP] Check Pods Manifest.lock";
			outputPaths = (
			);
			runOnlyForDeploymentPostprocessing = 0;
			shellPath = /bin/sh;
			shellScript = "diff \"${PODS_ROOT}/../Podfile.lock\" \"${PODS_ROOT}/Manifest.lock\" > /dev/null\nif [ $? != 0 ] ; then\n    # print error to STDERR\n    echo \"error: The sandbox is not in sync with the Podfile.lock. Run 'pod install' or update your CocoaPods installation.\" >&2\n    exit 1\nfi\n";
			showEnvVarsInLog = 0;
		};
		F5054E2054E0FFD5B7BE86A2 /* [CP] Copy Pods Resources */ = {
			isa = PBXShellScriptBuildPhase;
			buildActionMask = 2147483647;
			files = (
			);
			inputPaths = (
			);
			name = "[CP] Copy Pods Resources";
			outputPaths = (
			);
			runOnlyForDeploymentPostprocessing = 0;
			shellPath = /bin/sh;
			shellScript = "\"${SRCROOT}/Pods/Target Support Files/Pods-runTimeTest/Pods-runTimeTest-resources.sh\"\n";
			showEnvVarsInLog = 0;
		};
/* End PBXShellScriptBuildPhase section */

/* Begin PBXSourcesBuildPhase section */
		99EFC5FE1DE3D33900DA18A3 /* Sources */ = {
			isa = PBXSourcesBuildPhase;
			buildActionMask = 2147483647;
			files = (
				99EFC63D1DE3DDA200DA18A3 /* LXButton.m in Sources */,
				99EFC6531DE41A0400DA18A3 /* LXControlTools.m in Sources */,
				99431D491DE6CE7A007B8803 /* UIImage+image.m in Sources */,
				99EFC60D1DE3D33A00DA18A3 /* ViewController.m in Sources */,
				995A97E21DE52736001B314E /* BigPic.m in Sources */,
				99EFC60A1DE3D33A00DA18A3 /* AppDelegate.m in Sources */,
				995A97DF1DE526A5001B314E /* UIImageView+Tap.m in Sources */,
				995A97E51DE52A2A001B314E /* LXTableViewController.m in Sources */,
				99EFC6071DE3D33A00DA18A3 /* main.m in Sources */,
				99EFC6481DE3F0A500DA18A3 /* UILabel+AttributedBlock.m in Sources */,
				99EFC63A1DE3D77700DA18A3 /* UIButton+block.m in Sources */,
				99EFC6451DE3EDC300DA18A3 /* LXShowAlertController.m in Sources */,
				995A97EF1DE5A171001B314E /* NSObject+FileManager.m in Sources */,
				995A97E91DE538A5001B314E /* LXTableViewCell.m in Sources */,
				99431D431DE692F6007B8803 /* BLNetRequest.m in Sources */,
			);
			runOnlyForDeploymentPostprocessing = 0;
		};
		99EFC6171DE3D33A00DA18A3 /* Sources */ = {
			isa = PBXSourcesBuildPhase;
			buildActionMask = 2147483647;
			files = (
				99EFC6201DE3D33A00DA18A3 /* runTimeTestTests.m in Sources */,
			);
			runOnlyForDeploymentPostprocessing = 0;
		};
		99EFC6221DE3D33A00DA18A3 /* Sources */ = {
			isa = PBXSourcesBuildPhase;
			buildActionMask = 2147483647;
			files = (
				99EFC62B1DE3D33A00DA18A3 /* runTimeTestUITests.m in Sources */,
			);
			runOnlyForDeploymentPostprocessing = 0;
		};
/* End PBXSourcesBuildPhase section */

/* Begin PBXTargetDependency section */
		99EFC61D1DE3D33A00DA18A3 /* PBXTargetDependency */ = {
			isa = PBXTargetDependency;
			target = 99EFC6011DE3D33900DA18A3 /* runTimeTest */;
			targetProxy = 99EFC61C1DE3D33A00DA18A3 /* PBXContainerItemProxy */;
		};
		99EFC6281DE3D33A00DA18A3 /* PBXTargetDependency */ = {
			isa = PBXTargetDependency;
			target = 99EFC6011DE3D33900DA18A3 /* runTimeTest */;
			targetProxy = 99EFC6271DE3D33A00DA18A3 /* PBXContainerItemProxy */;
		};
/* End PBXTargetDependency section */

/* Begin PBXVariantGroup section */
		99EFC60E1DE3D33A00DA18A3 /* Main.storyboard */ = {
			isa = PBXVariantGroup;
			children = (
				99EFC60F1DE3D33A00DA18A3 /* Base */,
			);
			name = Main.storyboard;
			sourceTree = "<group>";
		};
		99EFC6131DE3D33A00DA18A3 /* LaunchScreen.storyboard */ = {
			isa = PBXVariantGroup;
			children = (
				99EFC6141DE3D33A00DA18A3 /* Base */,
			);
			name = LaunchScreen.storyboard;
			sourceTree = "<group>";
		};
/* End PBXVariantGroup section */

/* Begin XCBuildConfiguration section */
		99EFC62D1DE3D33A00DA18A3 /* Debug */ = {
			isa = XCBuildConfiguration;
			buildSettings = {
				ALWAYS_SEARCH_USER_PATHS = NO;
				CLANG_ANALYZER_NONNULL = YES;
				CLANG_CXX_LANGUAGE_STANDARD = "gnu++0x";
				CLANG_CXX_LIBRARY = "libc++";
				CLANG_ENABLE_MODULES = YES;
				CLANG_ENABLE_OBJC_ARC = YES;
				CLANG_WARN_BOOL_CONVERSION = YES;
				CLANG_WARN_CONSTANT_CONVERSION = YES;
				CLANG_WARN_DIRECT_OBJC_ISA_USAGE = YES_ERROR;
				CLANG_WARN_DOCUMENTATION_COMMENTS = YES;
				CLANG_WARN_EMPTY_BODY = YES;
				CLANG_WARN_ENUM_CONVERSION = YES;
				CLANG_WARN_INFINITE_RECURSION = YES;
				CLANG_WARN_INT_CONVERSION = YES;
				CLANG_WARN_OBJC_ROOT_CLASS = YES_ERROR;
				CLANG_WARN_SUSPICIOUS_MOVES = YES;
				CLANG_WARN_UNREACHABLE_CODE = YES;
				CLANG_WARN__DUPLICATE_METHOD_MATCH = YES;
				"CODE_SIGN_IDENTITY[sdk=iphoneos*]" = "iPhone Developer";
				COPY_PHASE_STRIP = NO;
				DEBUG_INFORMATION_FORMAT = dwarf;
				ENABLE_STRICT_OBJC_MSGSEND = YES;
				ENABLE_TESTABILITY = YES;
				GCC_C_LANGUAGE_STANDARD = gnu99;
				GCC_DYNAMIC_NO_PIC = NO;
				GCC_NO_COMMON_BLOCKS = YES;
				GCC_OPTIMIZATION_LEVEL = 0;
				GCC_PREPROCESSOR_DEFINITIONS = (
					"DEBUG=1",
					"$(inherited)",
				);
				GCC_WARN_64_TO_32_BIT_CONVERSION = YES;
				GCC_WARN_ABOUT_RETURN_TYPE = YES_ERROR;
				GCC_WARN_UNDECLARED_SELECTOR = YES;
				GCC_WARN_UNINITIALIZED_AUTOS = YES_AGGRESSIVE;
				GCC_WARN_UNUSED_FUNCTION = YES;
				GCC_WARN_UNUSED_VARIABLE = YES;
				IPHONEOS_DEPLOYMENT_TARGET = 10.1;
				MTL_ENABLE_DEBUG_INFO = YES;
				ONLY_ACTIVE_ARCH = YES;
				SDKROOT = iphoneos;
				TARGETED_DEVICE_FAMILY = "1,2";
			};
			name = Debug;
		};
		99EFC62E1DE3D33A00DA18A3 /* Release */ = {
			isa = XCBuildConfiguration;
			buildSettings = {
				ALWAYS_SEARCH_USER_PATHS = NO;
				CLANG_ANALYZER_NONNULL = YES;
				CLANG_CXX_LANGUAGE_STANDARD = "gnu++0x";
				CLANG_CXX_LIBRARY = "libc++";
				CLANG_ENABLE_MODULES = YES;
				CLANG_ENABLE_OBJC_ARC = YES;
				CLANG_WARN_BOOL_CONVERSION = YES;
				CLANG_WARN_CONSTANT_CONVERSION = YES;
				CLANG_WARN_DIRECT_OBJC_ISA_USAGE = YES_ERROR;
				CLANG_WARN_DOCUMENTATION_COMMENTS = YES;
				CLANG_WARN_EMPTY_BODY = YES;
				CLANG_WARN_ENUM_CONVERSION = YES;
				CLANG_WARN_INFINITE_RECURSION = YES;
				CLANG_WARN_INT_CONVERSION = YES;
				CLANG_WARN_OBJC_ROOT_CLASS = YES_ERROR;
				CLANG_WARN_SUSPICIOUS_MOVES = YES;
				CLANG_WARN_UNREACHABLE_CODE = YES;
				CLANG_WARN__DUPLICATE_METHOD_MATCH = YES;
				"CODE_SIGN_IDENTITY[sdk=iphoneos*]" = "iPhone Developer";
				COPY_PHASE_STRIP = NO;
				DEBUG_INFORMATION_FORMAT = "dwarf-with-dsym";
				ENABLE_NS_ASSERTIONS = NO;
				ENABLE_STRICT_OBJC_MSGSEND = YES;
				GCC_C_LANGUAGE_STANDARD = gnu99;
				GCC_NO_COMMON_BLOCKS = YES;
				GCC_WARN_64_TO_32_BIT_CONVERSION = YES;
				GCC_WARN_ABOUT_RETURN_TYPE = YES_ERROR;
				GCC_WARN_UNDECLARED_SELECTOR = YES;
				GCC_WARN_UNINITIALIZED_AUTOS = YES_AGGRESSIVE;
				GCC_WARN_UNUSED_FUNCTION = YES;
				GCC_WARN_UNUSED_VARIABLE = YES;
				IPHONEOS_DEPLOYMENT_TARGET = 10.1;
				MTL_ENABLE_DEBUG_INFO = NO;
				SDKROOT = iphoneos;
				TARGETED_DEVICE_FAMILY = "1,2";
				VALIDATE_PRODUCT = YES;
			};
			name = Release;
		};
		99EFC6301DE3D33A00DA18A3 /* Debug */ = {
			isa = XCBuildConfiguration;
			baseConfigurationReference = A4E058704FDB72B33AD958CD /* Pods-runTimeTest.debug.xcconfig */;
			buildSettings = {
				ASSETCATALOG_COMPILER_APPICON_NAME = AppIcon;
				DEVELOPMENT_TEAM = 5UJ2P6N7GB;
				GCC_PREFIX_HEADER = "/Users/iOS-01/Desktop/LX/runTimeTest/runTimeTest/PrefixHeader.pch";
				INFOPLIST_FILE = runTimeTest/Info.plist;
				IPHONEOS_DEPLOYMENT_TARGET = 8.0;
				LD_RUNPATH_SEARCH_PATHS = "$(inherited) @executable_path/Frameworks";
				PRODUCT_BUNDLE_IDENTIFIER = LX.pppp;
				PRODUCT_NAME = "$(TARGET_NAME)";
				TARGETED_DEVICE_FAMILY = "1,2";
			};
			name = Debug;
		};
		99EFC6311DE3D33A00DA18A3 /* Release */ = {
			isa = XCBuildConfiguration;
			baseConfigurationReference = 9B3AA6BEC563F9F016B2182E /* Pods-runTimeTest.release.xcconfig */;
			buildSettings = {
				ASSETCATALOG_COMPILER_APPICON_NAME = AppIcon;
				DEVELOPMENT_TEAM = 5UJ2P6N7GB;
				GCC_PREFIX_HEADER = "/Users/iOS-01/Desktop/LX/runTimeTest/runTimeTest/PrefixHeader.pch";
				INFOPLIST_FILE = runTimeTest/Info.plist;
				IPHONEOS_DEPLOYMENT_TARGET = 8.0;
				LD_RUNPATH_SEARCH_PATHS = "$(inherited) @executable_path/Frameworks";
				PRODUCT_BUNDLE_IDENTIFIER = LX.pppp;
				PRODUCT_NAME = "$(TARGET_NAME)";
				TARGETED_DEVICE_FAMILY = "1,2";
			};
			name = Release;
		};
		99EFC6331DE3D33A00DA18A3 /* Debug */ = {
			isa = XCBuildConfiguration;
			buildSettings = {
				BUNDLE_LOADER = "$(TEST_HOST)";
				DEVELOPMENT_TEAM = 5UJ2P6N7GB;
				INFOPLIST_FILE = runTimeTestTests/Info.plist;
				LD_RUNPATH_SEARCH_PATHS = "$(inherited) @executable_path/Frameworks @loader_path/Frameworks";
				PRODUCT_BUNDLE_IDENTIFIER = LX.runTimeTestTests;
				PRODUCT_NAME = "$(TARGET_NAME)";
				TEST_HOST = "$(BUILT_PRODUCTS_DIR)/runTimeTest.app/runTimeTest";
			};
			name = Debug;
		};
		99EFC6341DE3D33A00DA18A3 /* Release */ = {
			isa = XCBuildConfiguration;
			buildSettings = {
				BUNDLE_LOADER = "$(TEST_HOST)";
				DEVELOPMENT_TEAM = 5UJ2P6N7GB;
				INFOPLIST_FILE = runTimeTestTests/Info.plist;
				LD_RUNPATH_SEARCH_PATHS = "$(inherited) @executable_path/Frameworks @loader_path/Frameworks";
				PRODUCT_BUNDLE_IDENTIFIER = LX.runTimeTestTests;
				PRODUCT_NAME = "$(TARGET_NAME)";
				TEST_HOST = "$(BUILT_PRODUCTS_DIR)/runTimeTest.app/runTimeTest";
			};
			name = Release;
		};
		99EFC6361DE3D33A00DA18A3 /* Debug */ = {
			isa = XCBuildConfiguration;
			buildSettings = {
				DEVELOPMENT_TEAM = 5UJ2P6N7GB;
				INFOPLIST_FILE = runTimeTestUITests/Info.plist;
				LD_RUNPATH_SEARCH_PATHS = "$(inherited) @executable_path/Frameworks @loader_path/Frameworks";
				PRODUCT_BUNDLE_IDENTIFIER = LX.runTimeTestUITests;
				PRODUCT_NAME = "$(TARGET_NAME)";
				TEST_TARGET_NAME = runTimeTest;
			};
			name = Debug;
		};
		99EFC6371DE3D33A00DA18A3 /* Release */ = {
			isa = XCBuildConfiguration;
			buildSettings = {
				DEVELOPMENT_TEAM = 5UJ2P6N7GB;
				INFOPLIST_FILE = runTimeTestUITests/Info.plist;
				LD_RUNPATH_SEARCH_PATHS = "$(inherited) @executable_path/Frameworks @loader_path/Frameworks";
				PRODUCT_BUNDLE_IDENTIFIER = LX.runTimeTestUITests;
				PRODUCT_NAME = "$(TARGET_NAME)";
				TEST_TARGET_NAME = runTimeTest;
			};
			name = Release;
		};
/* End XCBuildConfiguration section */

/* Begin XCConfigurationList section */
		99EFC5FD1DE3D33900DA18A3 /* Build configuration list for PBXProject "runTimeTest" */ = {
			isa = XCConfigurationList;
			buildConfigurations = (
				99EFC62D1DE3D33A00DA18A3 /* Debug */,
				99EFC62E1DE3D33A00DA18A3 /* Release */,
			);
			defaultConfigurationIsVisible = 0;
			defaultConfigurationName = Release;
		};
		99EFC62F1DE3D33A00DA18A3 /* Build configuration list for PBXNativeTarget "runTimeTest" */ = {
			isa = XCConfigurationList;
			buildConfigurations = (
				99EFC6301DE3D33A00DA18A3 /* Debug */,
				99EFC6311DE3D33A00DA18A3 /* Release */,
			);
			defaultConfigurationIsVisible = 0;
			defaultConfigurationName = Release;
		};
		99EFC6321DE3D33A00DA18A3 /* Build configuration list for PBXNativeTarget "runTimeTestTests" */ = {
			isa = XCConfigurationList;
			buildConfigurations = (
				99EFC6331DE3D33A00DA18A3 /* Debug */,
				99EFC6341DE3D33A00DA18A3 /* Release */,
			);
			defaultConfigurationIsVisible = 0;
			defaultConfigurationName = Release;
		};
		99EFC6351DE3D33A00DA18A3 /* Build configuration list for PBXNativeTarget "runTimeTestUITests" */ = {
			isa = XCConfigurationList;
			buildConfigurations = (
				99EFC6361DE3D33A00DA18A3 /* Debug */,
				99EFC6371DE3D33A00DA18A3 /* Release */,
			);
			defaultConfigurationIsVisible = 0;
			defaultConfigurationName = Release;
		};
/* End XCConfigurationList section */
	};
	rootObject = 99EFC5FA1DE3D33900DA18A3 /* Project object */;
}
